
Microsoft Visual Studio Solution File, Format Version 12.00
# Visual Studio Version 17
VisualStudioVersion = 17.10.34928.147
MinimumVisualStudioVersion = 10.0.40219.1
Project("{FAE04EC0-301F-11D3-BF4B-00C04F79EFBC}") = "AngularBootcampApp.Server", "AngularBootcampApp.Server\AngularBootcampApp.Server.csproj", "{F7C5D284-174D-4B44-BB7E-A66993326AF0}"
EndProject
Project("{54A90642-561A-4BB1-A94E-469ADEE60C69}") = "angularbootcampapp.client", "angularbootcampapp.client\angularbootcampapp.client.esproj", "{58521CCC-695F-4CBD-867E-33C92F18F158}"
EndProject
Global
	GlobalSection(SolutionConfigurationPlatforms) = preSolution
		Debug|Any CPU = Debug|Any CPU
		Release|Any CPU = Release|Any CPU
	EndGlobalSection
	GlobalSection(ProjectConfigurationPlatforms) = postSolution
		{F7C5D284-174D-4B44-BB7E-A66993326AF0}.Debug|Any CPU.ActiveCfg = Debug|Any CPU
		{F7C5D284-174D-4B44-BB7E-A66993326AF0}.Debug|Any CPU.Build.0 = Debug|Any CPU
		{F7C5D284-174D-4B44-BB7E-A66993326AF0}.Release|Any CPU.ActiveCfg = Release|Any CPU
		{F7C5D284-174D-4B44-BB7E-A66993326AF0}.Release|Any CPU.Build.0 = Release|Any CPU
		{58521CCC-695F-4CBD-867E-33C92F18F158}.Debug|Any CPU.ActiveCfg = Debug|Any CPU
		{58521CCC-695F-4CBD-867E-33C92F18F158}.Debug|Any CPU.Build.0 = Debug|Any CPU
		{58521CCC-695F-4CBD-867E-33C92F18F158}.Debug|Any CPU.Deploy.0 = Debug|Any CPU
		{58521CCC-695F-4CBD-867E-33C92F18F158}.Release|Any CPU.ActiveCfg = Release|Any CPU
		{58521CCC-695F-4CBD-867E-33C92F18F158}.Release|Any CPU.Build.0 = Release|Any CPU
		{58521CCC-695F-4CBD-867E-33C92F18F158}.Release|Any CPU.Deploy.0 = Release|Any CPU
	EndGlobalSection
	GlobalSection(SolutionProperties) = preSolution
		HideSolutionNode = FALSE
	EndGlobalSection
	GlobalSection(ExtensibilityGlobals) = postSolution
		SolutionGuid = {9A31A4DF-8035-45EC-8126-14DAE8BA4236}
	EndGlobalSection
EndGlobal
